
Microsoft Visual Studio Solution File, Format Version 12.00
# Visual Studio Version 16
VisualStudioVersion = 16.0.31019.35
MinimumVisualStudioVersion = 10.0.40219.1
Project("{FAE04EC0-301F-11D3-BF4B-00C04F79EFBC}") = "HistoricoDisciplinas", "HistoricoDisciplinas.csproj", "{2EBF9AE9-4F8B-478E-8EE6-5E09DAA6699A}"
EndProject
Global
	GlobalSection(SolutionConfigurationPlatforms) = preSolution
		Debug|Any CPU = Debug|Any CPU
		Release|Any CPU = Release|Any CPU
	EndGlobalSection
	GlobalSection(ProjectConfigurationPlatforms) = postSolution
		{2EBF9AE9-4F8B-478E-8EE6-5E09DAA6699A}.Debug|Any CPU.ActiveCfg = Debug|Any CPU
		{2EBF9AE9-4F8B-478E-8EE6-5E09DAA6699A}.Debug|Any CPU.Build.0 = Debug|Any CPU
		{2EBF9AE9-4F8B-478E-8EE6-5E09DAA6699A}.Release|Any CPU.ActiveCfg = Release|Any CPU
		{2EBF9AE9-4F8B-478E-8EE6-5E09DAA6699A}.Release|Any CPU.Build.0 = Release|Any CPU
	EndGlobalSection
	GlobalSection(SolutionProperties) = preSolution
		HideSolutionNode = FALSE
	EndGlobalSection
	GlobalSection(ExtensibilityGlobals) = postSolution
		SolutionGuid = {D22AC0D8-1460-48FA-AFC6-B3E925770576}
	EndGlobalSection
EndGlobal
